
Microsoft Visual Studio Solution File, Format Version 12.00
Project("{FAE04EC0-301F-11D3-BF4B-00C04F79EFBC}") = "L01-unit-testing", "L01-unit-testing\L01-unit-testing.csproj", "{CB8B1D16-2B18-49CE-AA04-76A382B594D1}"
EndProject
Project("{FAE04EC0-301F-11D3-BF4B-00C04F79EFBC}") = "L02-serialization", "L02-serialization\L02-serialization.csproj", "{4902B67E-92BD-44C3-ADC6-36018882EFD9}"
EndProject
Project("{FAE04EC0-301F-11D3-BF4B-00C04F79EFBC}") = "L03-db-via-ado", "L03-db-via-ado\L03-db-via-ado.csproj", "{5FE3C973-E01E-4BB0-8C53-07808378FC07}"
EndProject
Project("{FAE04EC0-301F-11D3-BF4B-00C04F79EFBC}") = "L04-db-via-ef", "L04-db-via-ef\L04-db-via-ef.csproj", "{6408DB6C-78C8-4A24-8743-70555DDAF65B}"
EndProject
Global
	GlobalSection(SolutionConfigurationPlatforms) = preSolution
		Debug|Any CPU = Debug|Any CPU
		Release|Any CPU = Release|Any CPU
	EndGlobalSection
	GlobalSection(ProjectConfigurationPlatforms) = postSolution
		{CB8B1D16-2B18-49CE-AA04-76A382B594D1}.Debug|Any CPU.ActiveCfg = Debug|Any CPU
		{CB8B1D16-2B18-49CE-AA04-76A382B594D1}.Debug|Any CPU.Build.0 = Debug|Any CPU
		{CB8B1D16-2B18-49CE-AA04-76A382B594D1}.Release|Any CPU.ActiveCfg = Release|Any CPU
		{CB8B1D16-2B18-49CE-AA04-76A382B594D1}.Release|Any CPU.Build.0 = Release|Any CPU
		{4902B67E-92BD-44C3-ADC6-36018882EFD9}.Debug|Any CPU.ActiveCfg = Debug|Any CPU
		{4902B67E-92BD-44C3-ADC6-36018882EFD9}.Debug|Any CPU.Build.0 = Debug|Any CPU
		{4902B67E-92BD-44C3-ADC6-36018882EFD9}.Release|Any CPU.ActiveCfg = Release|Any CPU
		{4902B67E-92BD-44C3-ADC6-36018882EFD9}.Release|Any CPU.Build.0 = Release|Any CPU
		{5FE3C973-E01E-4BB0-8C53-07808378FC07}.Debug|Any CPU.ActiveCfg = Debug|Any CPU
		{5FE3C973-E01E-4BB0-8C53-07808378FC07}.Debug|Any CPU.Build.0 = Debug|Any CPU
		{5FE3C973-E01E-4BB0-8C53-07808378FC07}.Release|Any CPU.ActiveCfg = Release|Any CPU
		{5FE3C973-E01E-4BB0-8C53-07808378FC07}.Release|Any CPU.Build.0 = Release|Any CPU
		{6408DB6C-78C8-4A24-8743-70555DDAF65B}.Debug|Any CPU.ActiveCfg = Debug|Any CPU
		{6408DB6C-78C8-4A24-8743-70555DDAF65B}.Debug|Any CPU.Build.0 = Debug|Any CPU
		{6408DB6C-78C8-4A24-8743-70555DDAF65B}.Release|Any CPU.ActiveCfg = Release|Any CPU
		{6408DB6C-78C8-4A24-8743-70555DDAF65B}.Release|Any CPU.Build.0 = Release|Any CPU
	EndGlobalSection
EndGlobal
